{
  "name": "mypage",
  "lockfileVersion": 3,
  "requires": true,
  "packages": {
    "": {
      "dependencies": {
        "@brunoimbrizi/controlkit": "^0.2.2"
      }
    },
    "node_modules/@brunoimbrizi/controlkit": {
      "version": "0.2.2",
      "resolved": "https://registry.npmjs.org/@brunoimbrizi/controlkit/-/controlkit-0.2.2.tgz",
      "integrity": "sha512-zW+F3T55B6CHX6Rot5XhpWe1I2BxOl/KUGfGV0zQozipbtLK6Y7xhbbzFbRoNht1ZUUfwxGoGM09ExI9NWIteA==",
      "license": "MIT"
    }
  }
}
